
Microsoft Visual Studio Solution File, Format Version 12.00
# Visual Studio Version 16
VisualStudioVersion = 16.0.30225.117
MinimumVisualStudioVersion = 10.0.40219.1
Project("{FAE04EC0-301F-11D3-BF4B-00C04F79EFBC}") = "ClassLibrary1", "ClassLibrary1\ClassLibrary1.csproj", "{EFB8E04C-37B7-4B6D-B528-73BC57F088BE}"
EndProject
Project("{FAE04EC0-301F-11D3-BF4B-00C04F79EFBC}") = "ConsoleApp1", "ConsoleApp1\ConsoleApp1.csproj", "{45B32462-E526-4F13-B3B4-277CA2CB4D5F}"
	ProjectSection(ProjectDependencies) = postProject
		{EFB8E04C-37B7-4B6D-B528-73BC57F088BE} = {EFB8E04C-37B7-4B6D-B528-73BC57F088BE}
	EndProjectSection
EndProject
Global
	GlobalSection(SolutionConfigurationPlatforms) = preSolution
		Debug|Any CPU = Debug|Any CPU
		Release|Any CPU = Release|Any CPU
	EndGlobalSection
	GlobalSection(ProjectConfigurationPlatforms) = postSolution
		{EFB8E04C-37B7-4B6D-B528-73BC57F088BE}.Debug|Any CPU.ActiveCfg = Debug|Any CPU
		{EFB8E04C-37B7-4B6D-B528-73BC57F088BE}.Debug|Any CPU.Build.0 = Debug|Any CPU
		{EFB8E04C-37B7-4B6D-B528-73BC57F088BE}.Release|Any CPU.ActiveCfg = Release|Any CPU
		{EFB8E04C-37B7-4B6D-B528-73BC57F088BE}.Release|Any CPU.Build.0 = Release|Any CPU
		{45B32462-E526-4F13-B3B4-277CA2CB4D5F}.Debug|Any CPU.ActiveCfg = Debug|Any CPU
		{45B32462-E526-4F13-B3B4-277CA2CB4D5F}.Debug|Any CPU.Build.0 = Debug|Any CPU
		{45B32462-E526-4F13-B3B4-277CA2CB4D5F}.Release|Any CPU.ActiveCfg = Release|Any CPU
		{45B32462-E526-4F13-B3B4-277CA2CB4D5F}.Release|Any CPU.Build.0 = Release|Any CPU
	EndGlobalSection
	GlobalSection(SolutionProperties) = preSolution
		HideSolutionNode = FALSE
	EndGlobalSection
	GlobalSection(ExtensibilityGlobals) = postSolution
		SolutionGuid = {CFE9B2AC-7B46-4AFE-83A8-4169347AC199}
	EndGlobalSection
EndGlobal
